
Microsoft Visual Studio Solution File, Format Version 12.00
# Visual Studio 15
Project("{FAE04EC0-301F-11D3-BF4B-00C04F79EFBC}") = "Assembly-CSharp", "Assembly-CSharp.csproj", "{DC2FB269-78B1-8D9D-172E-A29FEC3D83BD}"
EndProject
Project("{FAE04EC0-301F-11D3-BF4B-00C04F79EFBC}") = "CustomToolbar.Editor", "CustomToolbar.Editor.csproj", "{77FCC3F4-F335-F005-F6D4-A07F96EA2506}"
EndProject
Global
	GlobalSection(SolutionConfigurationPlatforms) = preSolution
		Debug|Any CPU = Debug|Any CPU
		Release|Any CPU = Release|Any CPU
	EndGlobalSection
	GlobalSection(ProjectConfigurationPlatforms) = postSolution
		{DC2FB269-78B1-8D9D-172E-A29FEC3D83BD}.Debug|Any CPU.ActiveCfg = Debug|Any CPU
		{DC2FB269-78B1-8D9D-172E-A29FEC3D83BD}.Debug|Any CPU.Build.0 = Debug|Any CPU
		{DC2FB269-78B1-8D9D-172E-A29FEC3D83BD}.Release|Any CPU.ActiveCfg = Release|Any CPU
		{DC2FB269-78B1-8D9D-172E-A29FEC3D83BD}.Release|Any CPU.Build.0 = Release|Any CPU
		{77FCC3F4-F335-F005-F6D4-A07F96EA2506}.Debug|Any CPU.ActiveCfg = Debug|Any CPU
		{77FCC3F4-F335-F005-F6D4-A07F96EA2506}.Debug|Any CPU.Build.0 = Debug|Any CPU
		{77FCC3F4-F335-F005-F6D4-A07F96EA2506}.Release|Any CPU.ActiveCfg = Release|Any CPU
		{77FCC3F4-F335-F005-F6D4-A07F96EA2506}.Release|Any CPU.Build.0 = Release|Any CPU
	EndGlobalSection
	GlobalSection(SolutionProperties) = preSolution
		HideSolutionNode = FALSE
	EndGlobalSection
EndGlobal
